# This file is autogenerated, do not edit; changes may be undone by the next 'dep ensure'.


[[projects]]
  name = "github.com/aws/aws-lambda-go"
  packages = ["events","lambda","lambda/messages","lambdacontext"]
  revision = "6e2e37798efbb1dfd8e9c6681702e683a6046517"
  version = "v1.0.1"

[[projects]]
  name = "github.com/aws/aws-sdk-go"
  packages = ["aws","aws/awserr","aws/awsutil","aws/client","aws/client/metadata","aws/corehandlers","aws/credentials","aws/credentials/ec2rolecreds","aws/credentials/endpointcreds","aws/credentials/stscreds","aws/defaults","aws/ec2metadata","aws/endpoints","aws/request","aws/session","aws/signer/v4","internal/shareddefaults","private/protocol","private/protocol/ec2query","private/protocol/query","private/protocol/query/queryutil","private/protocol/rest","private/protocol/xml/xmlutil","service/autoscaling","service/autoscaling/autoscalingiface","service/ec2","service/ec2/ec2iface","service/sts"]
  revision = "f62f7b7c5425f2b1a630932617477bdeac6dc371"
  version = "v1.12.55"

[[projects]]
  branch = "master"
  name = "github.com/cristim/ec2-instances-info"
  packages = [".","data"]
  revision = "6680051af974c54d19c3fbc2f45597deae73b111"

[[projects]]
  name = "github.com/davecgh/go-spew"
  packages = ["spew"]
  revision = "346938d642f2ec3594ed81d874461961cd0faa76"
  version = "v1.1.0"

[[projects]]
  name = "github.com/go-ini/ini"
  packages = ["."]
  revision = "32e4c1e6bc4e7d0d8451aa6b75200d19e37a536a"
  version = "v1.32.0"

[[projects]]
  name = "github.com/jmespath/go-jmespath"
  packages = ["."]
  revision = "0b12d6b5"

[[projects]]
  name = "github.com/namsral/flag"
  packages = ["."]
  revision = "71ceffbeb0ba60fccc853971bb3ed4d7d90bfd04"
  version = "v1.7.4-pre"

[[projects]]
  name = "github.com/pkg/errors"
  packages = ["."]
  revision = "645ef00459ed84a119197bfb8d8205042c6df63d"
  version = "v0.8.0"

[solve-meta]
  analyzer-name = "dep"
  analyzer-version = 1
  inputs-digest = "bf8355830da4455c4dc5fb4e943f82de7f7566d0112b13412f27d5705d0ea3a1"
  solver-name = "gps-cdcl"
  solver-version = 1
